{
  "name": "homeymysensors",
  "version": "0.1.7",
  "lockfileVersion": 1,
  "requires": true,
  "dependencies": {
    "acorn": {
      "version": "1.2.2",
      "resolved": "https://registry.npmjs.org/acorn/-/acorn-1.2.2.tgz",
      "integrity": "sha1-yM4n3grMdtiW0rH6099YjZ6C8BQ="
    },
    "ast-types": {
      "version": "0.8.16",
      "resolved": "https://registry.npmjs.org/ast-types/-/ast-types-0.8.16.tgz",
      "integrity": "sha1-Ca3dwdC9ZIc9lPzT7dM2akhz50Y="
    },
    "bl": {
      "version": "0.9.5",
      "resolved": "https://registry.npmjs.org/bl/-/bl-0.9.5.tgz",
      "integrity": "sha1-wGt5evCF6gC8Unr8jvzxHeIjIFQ=",
      "requires": {
        "readable-stream": "~1.0.26"
      }
    },
    "commist": {
      "version": "1.0.0",
      "resolved": "https://registry.npmjs.org/commist/-/commist-1.0.0.tgz",
      "integrity": "sha1-wMNSUBz29S6RJOPvicmAbiAi6+8=",
      "requires": {
        "leven": "^1.0.0",
        "minimist": "^1.1.0"
      }
    },
    "concat-stream": {
      "version": "1.5.1",
      "resolved": "https://registry.npmjs.org/concat-stream/-/concat-stream-1.5.1.tgz",
      "integrity": "sha1-87gKz54fSOOHXAaItBtsMWAu6hw=",
      "requires": {
        "inherits": "~2.0.1",
        "readable-stream": "~2.0.0",
        "typedarray": "~0.0.5"
      },
      "dependencies": {
        "readable-stream": {
          "version": "2.0.6",
          "resolved": "https://registry.npmjs.org/readable-stream/-/readable-stream-2.0.6.tgz",
          "integrity": "sha1-j5A0HmilPMySh4jaz80Rs265t44=",
          "requires": {
            "core-util-is": "~1.0.0",
            "inherits": "~2.0.1",
            "isarray": "~1.0.0",
            "process-nextick-args": "~1.0.6",
            "string_decoder": "~0.10.x",
            "util-deprecate": "~1.0.1"
          }
        }
      }
    },
    "core-util-is": {
      "version": "1.0.2",
      "resolved": "https://registry.npmjs.org/core-util-is/-/core-util-is-1.0.2.tgz",
      "integrity": "sha1-tf1UIgqivFq1eqtxQMlAdUUDwac="
    },
    "duplexify": {
      "version": "3.4.3",
      "resolved": "https://registry.npmjs.org/duplexify/-/duplexify-3.4.3.tgz",
      "integrity": "sha1-r2p7ENkosJX4rYVNByu5CZjbhQ0=",
      "requires": {
        "end-of-stream": "1.0.0",
        "inherits": "^2.0.1",
        "readable-stream": "^2.0.0"
      },
      "dependencies": {
        "end-of-stream": {
          "version": "1.0.0",
          "resolved": "https://registry.npmjs.org/end-of-stream/-/end-of-stream-1.0.0.tgz",
          "integrity": "sha1-1FlucCc0qT5A6a+GQxnqvZn/Lw4=",
          "requires": {
            "once": "~1.3.0"
          }
        },
        "readable-stream": {
          "version": "2.1.0",
          "resolved": "https://registry.npmjs.org/readable-stream/-/readable-stream-2.1.0.tgz",
          "integrity": "sha1-NvQuoEJOspqYXkqB0xvi+W4fL4A=",
          "requires": {
            "core-util-is": "~1.0.0",
            "inherits": "~2.0.1",
            "inline-process-browser": "~2.0.1",
            "isarray": "~1.0.0",
            "process-nextick-args": "~1.0.6",
            "string_decoder": "~0.10.x",
            "unreachable-branch-transform": "~0.5.0",
            "util-deprecate": "~1.0.1"
          }
        }
      }
    },
    "end-of-stream": {
      "version": "1.1.0",
      "resolved": "https://registry.npmjs.org/end-of-stream/-/end-of-stream-1.1.0.tgz",
      "integrity": "sha1-6TUyWLqpEIll78QcsO+K3i88+wc=",
      "requires": {
        "once": "~1.3.0"
      }
    },
    "esmangle-evaluator": {
      "version": "1.0.0",
      "resolved": "https://registry.npmjs.org/esmangle-evaluator/-/esmangle-evaluator-1.0.0.tgz",
      "integrity": "sha1-lvjeWB3f16qQfvI0jYtSYh/lHsg="
    },
    "esprima": {
      "version": "2.7.2",
      "resolved": "https://registry.npmjs.org/esprima/-/esprima-2.7.2.tgz",
      "integrity": "sha1-9DvlQ2CZhOrkTJM6xjNSpq818zk="
    },
    "falafel": {
      "version": "1.2.0",
      "resolved": "https://registry.npmjs.org/falafel/-/falafel-1.2.0.tgz",
      "integrity": "sha1-wY0k71CRF0pJfzGM0ksCaiXN2rQ=",
      "requires": {
        "acorn": "^1.0.3",
        "foreach": "^2.0.5",
        "isarray": "0.0.1",
        "object-keys": "^1.0.6"
      },
      "dependencies": {
        "isarray": {
          "version": "0.0.1",
          "resolved": "https://registry.npmjs.org/isarray/-/isarray-0.0.1.tgz",
          "integrity": "sha1-ihis/Kmo9Bd+Cav8YDiTmwXR7t8="
        }
      }
    },
    "file-exists": {
      "version": "5.0.1",
      "resolved": "https://registry.npmjs.org/file-exists/-/file-exists-5.0.1.tgz",
      "integrity": "sha512-TeBMgeKbdSsQtcY2XqKY/yTa4BciMD/Gw8YcND0XMDZt4CDj87l1Wl4x7K0ravZ80tZcyIGMD0hj2VSRPR8M8Q=="
    },
    "foreach": {
      "version": "2.0.5",
      "resolved": "https://registry.npmjs.org/foreach/-/foreach-2.0.5.tgz",
      "integrity": "sha1-C+4AUBiusmDQo6865ljdATbsG5k="
    },
    "help-me": {
      "version": "0.1.0",
      "resolved": "https://registry.npmjs.org/help-me/-/help-me-0.1.0.tgz",
      "integrity": "sha1-D7OkBTetUmW2tJQTAixg01tJU5o=",
      "requires": {
        "concat-stream": "^1.4.7",
        "pump": "^1.0.0",
        "readable-stream": "^1.0.33",
        "xtend": "^4.0.0"
      }
    },
    "inherits": {
      "version": "2.0.1",
      "resolved": "https://registry.npmjs.org/inherits/-/inherits-2.0.1.tgz",
      "integrity": "sha1-sX0I0ya0Qj5Wjv9xn5GwscvfafE="
    },
    "inline-process-browser": {
      "version": "2.0.1",
      "resolved": "https://registry.npmjs.org/inline-process-browser/-/inline-process-browser-2.0.1.tgz",
      "integrity": "sha1-9pfW87SK77nMEmzggGBDsxc2srE=",
      "requires": {
        "falafel": "^1.0.1",
        "through2": "^0.6.5"
      }
    },
    "isarray": {
      "version": "1.0.0",
      "resolved": "https://registry.npmjs.org/isarray/-/isarray-1.0.0.tgz",
      "integrity": "sha1-u5NdSFgsuhaMBoNJV6VKPgcSTxE="
    },
    "leven": {
      "version": "1.0.2",
      "resolved": "https://registry.npmjs.org/leven/-/leven-1.0.2.tgz",
      "integrity": "sha1-kUS27ryl8dBoAWnxpncNzqYLdcM="
    },
    "minimist": {
      "version": "1.2.0",
      "resolved": "https://registry.npmjs.org/minimist/-/minimist-1.2.0.tgz",
      "integrity": "sha1-o1AIsg9BOD7sH7kU9M1d95omQoQ="
    },
    "mqtt": {
      "version": "1.8.0",
      "resolved": "https://registry.npmjs.org/mqtt/-/mqtt-1.8.0.tgz",
      "integrity": "sha1-lUtOQumIvRYVfkyQaUVCdByD+Y4=",
      "requires": {
        "commist": "^1.0.0",
        "concat-stream": "^1.4.7",
        "end-of-stream": "^1.1.0",
        "help-me": "^0.1.0",
        "inherits": "^2.0.1",
        "minimist": "^1.1.0",
        "mqtt-connection": "^2.0.0",
        "mqtt-packet": "^3.2.0",
        "readable-stream": "~1.0.2",
        "reinterval": "^1.0.1",
        "websocket-stream": "^3.0.1",
        "xtend": "^4.0.0"
      }
    },
    "mqtt-connection": {
      "version": "2.1.1",
      "resolved": "https://registry.npmjs.org/mqtt-connection/-/mqtt-connection-2.1.1.tgz",
      "integrity": "sha1-ey6YWnThlmGUML69NdoWLDTE5Wo=",
      "requires": {
        "inherits": "^2.0.1",
        "mqtt-packet": "^3.0.0",
        "reduplexer": "^1.1.0",
        "through2": "^0.6.3"
      }
    },
    "mqtt-packet": {
      "version": "3.4.6",
      "resolved": "https://registry.npmjs.org/mqtt-packet/-/mqtt-packet-3.4.6.tgz",
      "integrity": "sha1-ZErndjj9OBQVERK8Z7n8fzbWUOM=",
      "requires": {
        "bl": "^0.9.1",
        "inherits": "^2.0.1"
      }
    },
    "net": {
      "version": "1.0.2",
      "resolved": "https://registry.npmjs.org/net/-/net-1.0.2.tgz",
      "integrity": "sha1-0XV+yaf7I3HYPPR1XOPifhCCk4g="
    },
    "object-keys": {
      "version": "1.0.9",
      "resolved": "https://registry.npmjs.org/object-keys/-/object-keys-1.0.9.tgz",
      "integrity": "sha1-yrsSAtmnrym1Dt+s6AlLtG2l6iE="
    },
    "once": {
      "version": "1.3.3",
      "resolved": "https://registry.npmjs.org/once/-/once-1.3.3.tgz",
      "integrity": "sha1-suJhVXzkwxTsgwTz+oJmPkKXyiA=",
      "requires": {
        "wrappy": "1"
      }
    },
    "options": {
      "version": "0.0.6",
      "resolved": "https://registry.npmjs.org/options/-/options-0.0.6.tgz",
      "integrity": "sha1-7CLTEoBrtT5zF3Pnza788cZDEo8="
    },
    "private": {
      "version": "0.1.6",
      "resolved": "https://registry.npmjs.org/private/-/private-0.1.6.tgz",
      "integrity": "sha1-VcapdtD5uvuZJIUTUP5HubX7t8E="
    },
    "process-nextick-args": {
      "version": "1.0.6",
      "resolved": "https://registry.npmjs.org/process-nextick-args/-/process-nextick-args-1.0.6.tgz",
      "integrity": "sha1-D5awAc6pCxJZLOVm7bl+wR5pvQU="
    },
    "pump": {
      "version": "1.0.1",
      "resolved": "https://registry.npmjs.org/pump/-/pump-1.0.1.tgz",
      "integrity": "sha1-8fFAn7m9EIW721drQ7hOxLXq3Bo=",
      "requires": {
        "end-of-stream": "^1.1.0",
        "once": "^1.3.1"
      }
    },
    "readable-stream": {
      "version": "1.0.34",
      "resolved": "https://registry.npmjs.org/readable-stream/-/readable-stream-1.0.34.tgz",
      "integrity": "sha1-Elgg40vIQtLyqq+v5MKRbuMsFXw=",
      "requires": {
        "core-util-is": "~1.0.0",
        "inherits": "~2.0.1",
        "isarray": "0.0.1",
        "string_decoder": "~0.10.x"
      },
      "dependencies": {
        "isarray": {
          "version": "0.0.1",
          "resolved": "https://registry.npmjs.org/isarray/-/isarray-0.0.1.tgz",
          "integrity": "sha1-ihis/Kmo9Bd+Cav8YDiTmwXR7t8="
        }
      }
    },
    "recast": {
      "version": "0.11.5",
      "resolved": "https://registry.npmjs.org/recast/-/recast-0.11.5.tgz",
      "integrity": "sha1-qF1jM1hu6uxQhJjh5MRpChTLZis=",
      "requires": {
        "ast-types": "0.8.16",
        "esprima": "~2.7.1",
        "private": "~0.1.5",
        "source-map": "~0.5.0"
      }
    },
    "reduplexer": {
      "version": "1.1.0",
      "resolved": "https://registry.npmjs.org/reduplexer/-/reduplexer-1.1.0.tgz",
      "integrity": "sha1-ff7RimeedJwdetNt4BrLUV8I4UA=",
      "requires": {
        "inherits": "^2.0.1",
        "readable-stream": "~1.0.26-2"
      }
    },
    "reinterval": {
      "version": "1.0.2",
      "resolved": "https://registry.npmjs.org/reinterval/-/reinterval-1.0.2.tgz",
      "integrity": "sha1-ApBW+3Y3hEvshy828sB7DXwRLm0="
    },
    "source-map": {
      "version": "0.5.4",
      "resolved": "https://registry.npmjs.org/source-map/-/source-map-0.5.4.tgz",
      "integrity": "sha1-K+sYoquKvYgyCnIXjGcfDkxd7yg="
    },
    "string_decoder": {
      "version": "0.10.31",
      "resolved": "https://registry.npmjs.org/string_decoder/-/string_decoder-0.10.31.tgz",
      "integrity": "sha1-YuIDvEF2bGwoyfyEMB2rHFMQ+pQ="
    },
    "through2": {
      "version": "0.6.5",
      "resolved": "https://registry.npmjs.org/through2/-/through2-0.6.5.tgz",
      "integrity": "sha1-QaucZ7KdVyCQcUEOHXp6lozTrUg=",
      "requires": {
        "readable-stream": ">=1.0.33-1 <1.1.0-0",
        "xtend": ">=4.0.0 <4.1.0-0"
      }
    },
    "typedarray": {
      "version": "0.0.6",
      "resolved": "https://registry.npmjs.org/typedarray/-/typedarray-0.0.6.tgz",
      "integrity": "sha1-hnrHTjhkGHsdPUfZlqeOxciDB3c="
    },
    "ultron": {
      "version": "1.0.2",
      "resolved": "https://registry.npmjs.org/ultron/-/ultron-1.0.2.tgz",
      "integrity": "sha1-rOEWq1V80Zc4ak6I9GhTeMiy5Po="
    },
    "unreachable-branch-transform": {
      "version": "0.5.1",
      "resolved": "https://registry.npmjs.org/unreachable-branch-transform/-/unreachable-branch-transform-0.5.1.tgz",
      "integrity": "sha1-XgpdqBC09MxoZq/Ci1mqboyE210=",
      "requires": {
        "esmangle-evaluator": "^1.0.0",
        "recast": "^0.11.4"
      }
    },
    "util-deprecate": {
      "version": "1.0.2",
      "resolved": "https://registry.npmjs.org/util-deprecate/-/util-deprecate-1.0.2.tgz",
      "integrity": "sha1-RQ1Nyfpw3nMnYvvS1KKJgUGaDM8="
    },
    "websocket-stream": {
      "version": "3.1.0",
      "resolved": "https://registry.npmjs.org/websocket-stream/-/websocket-stream-3.1.0.tgz",
      "integrity": "sha1-xtnRMjC3fkdMS2c2wpW7p3zdf4c=",
      "requires": {
        "duplexify": "^3.2.0",
        "inherits": "^2.0.1",
        "through2": "^2.0.0",
        "ws": "^1.0.1",
        "xtend": "^4.0.0"
      },
      "dependencies": {
        "readable-stream": {
          "version": "2.0.6",
          "resolved": "https://registry.npmjs.org/readable-stream/-/readable-stream-2.0.6.tgz",
          "integrity": "sha1-j5A0HmilPMySh4jaz80Rs265t44=",
          "requires": {
            "core-util-is": "~1.0.0",
            "inherits": "~2.0.1",
            "isarray": "~1.0.0",
            "process-nextick-args": "~1.0.6",
            "string_decoder": "~0.10.x",
            "util-deprecate": "~1.0.1"
          }
        },
        "through2": {
          "version": "2.0.1",
          "resolved": "https://registry.npmjs.org/through2/-/through2-2.0.1.tgz",
          "integrity": "sha1-OE51MU1J8y3hLuu4E2uOtrXVnak=",
          "requires": {
            "readable-stream": "~2.0.0",
            "xtend": "~4.0.0"
          }
        }
      }
    },
    "wrappy": {
      "version": "1.0.1",
      "resolved": "https://registry.npmjs.org/wrappy/-/wrappy-1.0.1.tgz",
      "integrity": "sha1-HmWWmWXMvC20VIxrhKbyxa7dRzk="
    },
    "ws": {
      "version": "1.1.0",
      "resolved": "https://registry.npmjs.org/ws/-/ws-1.1.0.tgz",
      "integrity": "sha1-wdb9FRXTzv8fCuJ1m/X9dwMKrR0=",
      "requires": {
        "options": ">=0.0.5",
        "ultron": "1.0.x"
      }
    },
    "xtend": {
      "version": "4.0.1",
      "resolved": "https://registry.npmjs.org/xtend/-/xtend-4.0.1.tgz",
      "integrity": "sha1-pcbVMr5lbiPbgg77lDofBJmNY68="
    }
  }
}
